
Microsoft Visual Studio Solution File, Format Version 12.00
# Visual Studio 15
VisualStudioVersion = 15.0.27428.2005
MinimumVisualStudioVersion = 10.0.40219.1
Project("{2150E333-8FDC-42A3-9474-1A3956D46DE8}") = "Microservices", "Microservices", "{E87F8266-1CCE-4855-A587-8A90CE2A5596}"
EndProject
Project("{2150E333-8FDC-42A3-9474-1A3956D46DE8}") = "Domain", "Domain", "{10D43902-3098-4F81-82BD-F45656A3E2A8}"
EndProject
Project("{2150E333-8FDC-42A3-9474-1A3956D46DE8}") = "Infra.Bus", "Infra.Bus", "{C1EC1950-349D-4F72-9DD1-1484037B1389}"
EndProject
Project("{2150E333-8FDC-42A3-9474-1A3956D46DE8}") = "Infra.IoC", "Infra.IoC", "{BDBDF270-43BD-4631-89E8-6FBEFC2598E9}"
EndProject
Project("{2150E333-8FDC-42A3-9474-1A3956D46DE8}") = "Presentation", "Presentation", "{65B748FF-4FA4-4952-A012-DB8ACCE48CD3}"
EndProject
Project("{FAE04EC0-301F-11D3-BF4B-00C04F79EFBC}") = "MicroRabbit.Domain.Core", "MicroRabbit.Domain.Core\MicroRabbit.Domain.Core.csproj", "{33643B35-2A24-41D0-BFFB-7250C2B14B28}"
EndProject
Global
	GlobalSection(SolutionConfigurationPlatforms) = preSolution
		Debug|Any CPU = Debug|Any CPU
		Release|Any CPU = Release|Any CPU
	EndGlobalSection
	GlobalSection(ProjectConfigurationPlatforms) = postSolution
		{33643B35-2A24-41D0-BFFB-7250C2B14B28}.Debug|Any CPU.ActiveCfg = Debug|Any CPU
		{33643B35-2A24-41D0-BFFB-7250C2B14B28}.Debug|Any CPU.Build.0 = Debug|Any CPU
		{33643B35-2A24-41D0-BFFB-7250C2B14B28}.Release|Any CPU.ActiveCfg = Release|Any CPU
		{33643B35-2A24-41D0-BFFB-7250C2B14B28}.Release|Any CPU.Build.0 = Release|Any CPU
	EndGlobalSection
	GlobalSection(SolutionProperties) = preSolution
		HideSolutionNode = FALSE
	EndGlobalSection
	GlobalSection(NestedProjects) = preSolution
		{33643B35-2A24-41D0-BFFB-7250C2B14B28} = {10D43902-3098-4F81-82BD-F45656A3E2A8}
	EndGlobalSection
	GlobalSection(ExtensibilityGlobals) = postSolution
		SolutionGuid = {91062CD8-45ED-4A9E-A603-286DC3301B33}
	EndGlobalSection
EndGlobal
